
Microsoft Visual Studio Solution File, Format Version 12.00
# Visual Studio Version 17
VisualStudioVersion = 17.9.34728.123
MinimumVisualStudioVersion = 10.0.40219.1
Project("{FAE04EC0-301F-11D3-BF4B-00C04F79EFBC}") = "CHATGPT-API", "CHATGPT-API\CHATGPT-API.csproj", "{0EA1061A-5EF6-4DF8-8A87-DC7F22ACCEA4}"
EndProject
Project("{2150E333-8FDC-42A3-9474-1A3956D46DE8}") = "Backend", "Backend", "{FF06BBC0-CDFD-4312-81D6-89C98409EEE9}"
EndProject
Project("{2150E333-8FDC-42A3-9474-1A3956D46DE8}") = "Solution Items", "Solution Items", "{948104D5-32C5-428D-8B31-951A9F2DAAA7}"
EndProject
Project("{2150E333-8FDC-42A3-9474-1A3956D46DE8}") = "Web Service", "Web Service", "{C2084C5A-CAEE-4CE1-83F3-316B0C5D67D1}"
EndProject
Project("{FAE04EC0-301F-11D3-BF4B-00C04F79EFBC}") = "Model", "Model\Model.csproj", "{6F07AF2B-09A8-4753-9E79-9432EBC5CBB3}"
EndProject
Project("{FAE04EC0-301F-11D3-BF4B-00C04F79EFBC}") = "Sinch", "Sinch\Sinch.csproj", "{6ED64ACE-397D-4B3F-87E0-7A21CF0AADC3}"
EndProject
Project("{FAE04EC0-301F-11D3-BF4B-00C04F79EFBC}") = "Domain", "Domain\Domain.csproj", "{802B1D32-0422-49B5-8915-A4904FD99E00}"
EndProject
Project("{FAE04EC0-301F-11D3-BF4B-00C04F79EFBC}") = "Infraestructure", "Infraestructure\Infraestructure.csproj", "{D7C708A1-7117-4187-AE8B-67B864F44AD3}"
EndProject
Project("{FAE04EC0-301F-11D3-BF4B-00C04F79EFBC}") = "Service", "Service\Service.csproj", "{EF8FD89C-DF00-4634-A33E-FDF185F2F0C3}"
EndProject
Project("{FAE04EC0-301F-11D3-BF4B-00C04F79EFBC}") = "Common", "Common\Common.csproj", "{01A9D802-F8B8-45F4-98E9-6B22AD852205}"
EndProject
Project("{FAE04EC0-301F-11D3-BF4B-00C04F79EFBC}") = "Common.AspNetCore", "Common.AspNetCore\Common.AspNetCore.csproj", "{009E1968-E65C-4E01-9C47-98039440E997}"
EndProject
Project("{FAE04EC0-301F-11D3-BF4B-00C04F79EFBC}") = "SolutionFiles", "SolutionFiles\SolutionFiles.csproj", "{014C53EF-0E8E-4F29-B6EA-368AB150D6C0}"
EndProject
Global
	GlobalSection(SolutionConfigurationPlatforms) = preSolution
		Debug|Any CPU = Debug|Any CPU
		Release|Any CPU = Release|Any CPU
	EndGlobalSection
	GlobalSection(ProjectConfigurationPlatforms) = postSolution
		{0EA1061A-5EF6-4DF8-8A87-DC7F22ACCEA4}.Debug|Any CPU.ActiveCfg = Debug|Any CPU
		{0EA1061A-5EF6-4DF8-8A87-DC7F22ACCEA4}.Debug|Any CPU.Build.0 = Debug|Any CPU
		{0EA1061A-5EF6-4DF8-8A87-DC7F22ACCEA4}.Release|Any CPU.ActiveCfg = Release|Any CPU
		{0EA1061A-5EF6-4DF8-8A87-DC7F22ACCEA4}.Release|Any CPU.Build.0 = Release|Any CPU
		{6F07AF2B-09A8-4753-9E79-9432EBC5CBB3}.Debug|Any CPU.ActiveCfg = Debug|Any CPU
		{6F07AF2B-09A8-4753-9E79-9432EBC5CBB3}.Debug|Any CPU.Build.0 = Debug|Any CPU
		{6F07AF2B-09A8-4753-9E79-9432EBC5CBB3}.Release|Any CPU.ActiveCfg = Release|Any CPU
		{6F07AF2B-09A8-4753-9E79-9432EBC5CBB3}.Release|Any CPU.Build.0 = Release|Any CPU
		{6ED64ACE-397D-4B3F-87E0-7A21CF0AADC3}.Debug|Any CPU.ActiveCfg = Debug|Any CPU
		{6ED64ACE-397D-4B3F-87E0-7A21CF0AADC3}.Debug|Any CPU.Build.0 = Debug|Any CPU
		{6ED64ACE-397D-4B3F-87E0-7A21CF0AADC3}.Release|Any CPU.ActiveCfg = Release|Any CPU
		{6ED64ACE-397D-4B3F-87E0-7A21CF0AADC3}.Release|Any CPU.Build.0 = Release|Any CPU
		{802B1D32-0422-49B5-8915-A4904FD99E00}.Debug|Any CPU.ActiveCfg = Debug|Any CPU
		{802B1D32-0422-49B5-8915-A4904FD99E00}.Debug|Any CPU.Build.0 = Debug|Any CPU
		{802B1D32-0422-49B5-8915-A4904FD99E00}.Release|Any CPU.ActiveCfg = Release|Any CPU
		{802B1D32-0422-49B5-8915-A4904FD99E00}.Release|Any CPU.Build.0 = Release|Any CPU
		{D7C708A1-7117-4187-AE8B-67B864F44AD3}.Debug|Any CPU.ActiveCfg = Debug|Any CPU
		{D7C708A1-7117-4187-AE8B-67B864F44AD3}.Debug|Any CPU.Build.0 = Debug|Any CPU
		{D7C708A1-7117-4187-AE8B-67B864F44AD3}.Release|Any CPU.ActiveCfg = Release|Any CPU
		{D7C708A1-7117-4187-AE8B-67B864F44AD3}.Release|Any CPU.Build.0 = Release|Any CPU
		{EF8FD89C-DF00-4634-A33E-FDF185F2F0C3}.Debug|Any CPU.ActiveCfg = Debug|Any CPU
		{EF8FD89C-DF00-4634-A33E-FDF185F2F0C3}.Debug|Any CPU.Build.0 = Debug|Any CPU
		{EF8FD89C-DF00-4634-A33E-FDF185F2F0C3}.Release|Any CPU.ActiveCfg = Release|Any CPU
		{EF8FD89C-DF00-4634-A33E-FDF185F2F0C3}.Release|Any CPU.Build.0 = Release|Any CPU
		{01A9D802-F8B8-45F4-98E9-6B22AD852205}.Debug|Any CPU.ActiveCfg = Debug|Any CPU
		{01A9D802-F8B8-45F4-98E9-6B22AD852205}.Debug|Any CPU.Build.0 = Debug|Any CPU
		{01A9D802-F8B8-45F4-98E9-6B22AD852205}.Release|Any CPU.ActiveCfg = Release|Any CPU
		{01A9D802-F8B8-45F4-98E9-6B22AD852205}.Release|Any CPU.Build.0 = Release|Any CPU
		{009E1968-E65C-4E01-9C47-98039440E997}.Debug|Any CPU.ActiveCfg = Debug|Any CPU
		{009E1968-E65C-4E01-9C47-98039440E997}.Debug|Any CPU.Build.0 = Debug|Any CPU
		{009E1968-E65C-4E01-9C47-98039440E997}.Release|Any CPU.ActiveCfg = Release|Any CPU
		{009E1968-E65C-4E01-9C47-98039440E997}.Release|Any CPU.Build.0 = Release|Any CPU
		{014C53EF-0E8E-4F29-B6EA-368AB150D6C0}.Debug|Any CPU.ActiveCfg = Debug|Any CPU
		{014C53EF-0E8E-4F29-B6EA-368AB150D6C0}.Debug|Any CPU.Build.0 = Debug|Any CPU
		{014C53EF-0E8E-4F29-B6EA-368AB150D6C0}.Release|Any CPU.ActiveCfg = Release|Any CPU
		{014C53EF-0E8E-4F29-B6EA-368AB150D6C0}.Release|Any CPU.Build.0 = Release|Any CPU
	EndGlobalSection
	GlobalSection(SolutionProperties) = preSolution
		HideSolutionNode = FALSE
	EndGlobalSection
	GlobalSection(NestedProjects) = preSolution
		{0EA1061A-5EF6-4DF8-8A87-DC7F22ACCEA4} = {C2084C5A-CAEE-4CE1-83F3-316B0C5D67D1}
		{6F07AF2B-09A8-4753-9E79-9432EBC5CBB3} = {C2084C5A-CAEE-4CE1-83F3-316B0C5D67D1}
		{6ED64ACE-397D-4B3F-87E0-7A21CF0AADC3} = {C2084C5A-CAEE-4CE1-83F3-316B0C5D67D1}
		{802B1D32-0422-49B5-8915-A4904FD99E00} = {FF06BBC0-CDFD-4312-81D6-89C98409EEE9}
		{D7C708A1-7117-4187-AE8B-67B864F44AD3} = {FF06BBC0-CDFD-4312-81D6-89C98409EEE9}
		{EF8FD89C-DF00-4634-A33E-FDF185F2F0C3} = {FF06BBC0-CDFD-4312-81D6-89C98409EEE9}
		{01A9D802-F8B8-45F4-98E9-6B22AD852205} = {948104D5-32C5-428D-8B31-951A9F2DAAA7}
		{009E1968-E65C-4E01-9C47-98039440E997} = {948104D5-32C5-428D-8B31-951A9F2DAAA7}
		{014C53EF-0E8E-4F29-B6EA-368AB150D6C0} = {948104D5-32C5-428D-8B31-951A9F2DAAA7}
	EndGlobalSection
	GlobalSection(ExtensibilityGlobals) = postSolution
		SolutionGuid = {2BD88D14-F14F-4852-B7F0-7CC3CFE25F39}
	EndGlobalSection
EndGlobal
